
Microsoft Visual Studio Solution File, Format Version 12.00
# Visual Studio 15
VisualStudioVersion = 15.0.27130.2027
MinimumVisualStudioVersion = 10.0.40219.1
Project("{FAE04EC0-301F-11D3-BF4B-00C04F79EFBC}") = "Roguelike", "Roguelike\Roguelike.csproj", "{D3BD088A-096F-4D8C-8BEA-4CC4FCEA59AB}"
EndProject
Global
	GlobalSection(SolutionConfigurationPlatforms) = preSolution
		Debug|Any CPU = Debug|Any CPU
		Release|Any CPU = Release|Any CPU
	EndGlobalSection
	GlobalSection(ProjectConfigurationPlatforms) = postSolution
		{D3BD088A-096F-4D8C-8BEA-4CC4FCEA59AB}.Debug|Any CPU.ActiveCfg = Debug|Any CPU
		{D3BD088A-096F-4D8C-8BEA-4CC4FCEA59AB}.Debug|Any CPU.Build.0 = Debug|Any CPU
		{D3BD088A-096F-4D8C-8BEA-4CC4FCEA59AB}.Release|Any CPU.ActiveCfg = Release|Any CPU
		{D3BD088A-096F-4D8C-8BEA-4CC4FCEA59AB}.Release|Any CPU.Build.0 = Release|Any CPU
	EndGlobalSection
	GlobalSection(SolutionProperties) = preSolution
		HideSolutionNode = FALSE
	EndGlobalSection
	GlobalSection(ExtensibilityGlobals) = postSolution
		SolutionGuid = {C517CBC2-6C4B-4029-9334-6CC968AD1B34}
	EndGlobalSection
EndGlobal
